
Microsoft Visual Studio Solution File, Format Version 12.00
# Visual Studio Version 17
VisualStudioVersion = 17.3.32819.101
MinimumVisualStudioVersion = 10.0.40219.1
Project("{9A19103F-16F7-4668-BE54-9A1E7A4F7556}") = "fa22_finalproject_32", "fa22_finalproject_32\fa22_finalproject_32.csproj", "{2C88D723-39A1-459E-8008-055C34E1B973}"
EndProject
Global
	GlobalSection(SolutionConfigurationPlatforms) = preSolution
		Debug|Any CPU = Debug|Any CPU
		Release|Any CPU = Release|Any CPU
	EndGlobalSection
	GlobalSection(ProjectConfigurationPlatforms) = postSolution
		{2C88D723-39A1-459E-8008-055C34E1B973}.Debug|Any CPU.ActiveCfg = Debug|Any CPU
		{2C88D723-39A1-459E-8008-055C34E1B973}.Debug|Any CPU.Build.0 = Debug|Any CPU
		{2C88D723-39A1-459E-8008-055C34E1B973}.Release|Any CPU.ActiveCfg = Release|Any CPU
		{2C88D723-39A1-459E-8008-055C34E1B973}.Release|Any CPU.Build.0 = Release|Any CPU
	EndGlobalSection
	GlobalSection(SolutionProperties) = preSolution
		HideSolutionNode = FALSE
	EndGlobalSection
	GlobalSection(ExtensibilityGlobals) = postSolution
		SolutionGuid = {55874108-AA18-4507-88E2-153A3AD7C28B}
	EndGlobalSection
EndGlobal
